
Microsoft Visual Studio Solution File, Format Version 12.00
# Visual Studio 15
VisualStudioVersion = 15.0.26124.0
MinimumVisualStudioVersion = 15.0.26124.0
Project("{FAE04EC0-301F-11D3-BF4B-00C04F79EFBC}") = "Program_Schedule", "Program_Schedule\Program_Schedule.csproj", "{B8AB0AEB-F351-452B-9EB5-259AFED0D45F}"
EndProject
Project("{FAE04EC0-301F-11D3-BF4B-00C04F79EFBC}") = "ProgramSchedule_Test", "ProgramSchedule_Test\ProgramSchedule_Test.csproj", "{027FB287-C44A-4138-85AF-624D2C6635D1}"
EndProject
Global
	GlobalSection(SolutionConfigurationPlatforms) = preSolution
		Debug|Any CPU = Debug|Any CPU
		Debug|x64 = Debug|x64
		Debug|x86 = Debug|x86
		Release|Any CPU = Release|Any CPU
		Release|x64 = Release|x64
		Release|x86 = Release|x86
	EndGlobalSection
	GlobalSection(SolutionProperties) = preSolution
		HideSolutionNode = FALSE
	EndGlobalSection
	GlobalSection(ProjectConfigurationPlatforms) = postSolution
		{B8AB0AEB-F351-452B-9EB5-259AFED0D45F}.Debug|Any CPU.ActiveCfg = Debug|Any CPU
		{B8AB0AEB-F351-452B-9EB5-259AFED0D45F}.Debug|Any CPU.Build.0 = Debug|Any CPU
		{B8AB0AEB-F351-452B-9EB5-259AFED0D45F}.Debug|x64.ActiveCfg = Debug|Any CPU
		{B8AB0AEB-F351-452B-9EB5-259AFED0D45F}.Debug|x64.Build.0 = Debug|Any CPU
		{B8AB0AEB-F351-452B-9EB5-259AFED0D45F}.Debug|x86.ActiveCfg = Debug|Any CPU
		{B8AB0AEB-F351-452B-9EB5-259AFED0D45F}.Debug|x86.Build.0 = Debug|Any CPU
		{B8AB0AEB-F351-452B-9EB5-259AFED0D45F}.Release|Any CPU.ActiveCfg = Release|Any CPU
		{B8AB0AEB-F351-452B-9EB5-259AFED0D45F}.Release|Any CPU.Build.0 = Release|Any CPU
		{B8AB0AEB-F351-452B-9EB5-259AFED0D45F}.Release|x64.ActiveCfg = Release|Any CPU
		{B8AB0AEB-F351-452B-9EB5-259AFED0D45F}.Release|x64.Build.0 = Release|Any CPU
		{B8AB0AEB-F351-452B-9EB5-259AFED0D45F}.Release|x86.ActiveCfg = Release|Any CPU
		{B8AB0AEB-F351-452B-9EB5-259AFED0D45F}.Release|x86.Build.0 = Release|Any CPU
		{027FB287-C44A-4138-85AF-624D2C6635D1}.Debug|Any CPU.ActiveCfg = Debug|Any CPU
		{027FB287-C44A-4138-85AF-624D2C6635D1}.Debug|Any CPU.Build.0 = Debug|Any CPU
		{027FB287-C44A-4138-85AF-624D2C6635D1}.Debug|x64.ActiveCfg = Debug|Any CPU
		{027FB287-C44A-4138-85AF-624D2C6635D1}.Debug|x64.Build.0 = Debug|Any CPU
		{027FB287-C44A-4138-85AF-624D2C6635D1}.Debug|x86.ActiveCfg = Debug|Any CPU
		{027FB287-C44A-4138-85AF-624D2C6635D1}.Debug|x86.Build.0 = Debug|Any CPU
		{027FB287-C44A-4138-85AF-624D2C6635D1}.Release|Any CPU.ActiveCfg = Release|Any CPU
		{027FB287-C44A-4138-85AF-624D2C6635D1}.Release|Any CPU.Build.0 = Release|Any CPU
		{027FB287-C44A-4138-85AF-624D2C6635D1}.Release|x64.ActiveCfg = Release|Any CPU
		{027FB287-C44A-4138-85AF-624D2C6635D1}.Release|x64.Build.0 = Release|Any CPU
		{027FB287-C44A-4138-85AF-624D2C6635D1}.Release|x86.ActiveCfg = Release|Any CPU
		{027FB287-C44A-4138-85AF-624D2C6635D1}.Release|x86.Build.0 = Release|Any CPU
	EndGlobalSection
EndGlobal
